
Microsoft Visual Studio Solution File, Format Version 12.00
# Visual Studio 15
VisualStudioVersion = 15.0.27004.2002
MinimumVisualStudioVersion = 10.0.40219.1
Project("{FAE04EC0-301F-11D3-BF4B-00C04F79EFBC}") = "MotionControllerTest", "MotionControllerTest\MotionControllerTest.csproj", "{13A45C13-3265-47B8-BC48-A553B569DF55}"
EndProject
Project("{FAE04EC0-301F-11D3-BF4B-00C04F79EFBC}") = "Assembly-CSharp", "C:\Dev\Git\ImmersiveMRTest\Builds\UWP-MotionControllerTest\GeneratedProjects\UWP\Assembly-CSharp\Assembly-CSharp.csproj", "{374BCE54-7062-4E93-8E97-D879A16741E6}"
EndProject
Global
	GlobalSection(SolutionConfigurationPlatforms) = preSolution
		Debug|ARM = Debug|ARM
		Debug|x64 = Debug|x64
		Debug|x86 = Debug|x86
		Master|ARM = Master|ARM
		Master|x64 = Master|x64
		Master|x86 = Master|x86
		Release|ARM = Release|ARM
		Release|x64 = Release|x64
		Release|x86 = Release|x86
	EndGlobalSection
	GlobalSection(ProjectConfigurationPlatforms) = postSolution
		{13A45C13-3265-47B8-BC48-A553B569DF55}.Debug|ARM.ActiveCfg = Debug|ARM
		{13A45C13-3265-47B8-BC48-A553B569DF55}.Debug|ARM.Build.0 = Debug|ARM
		{13A45C13-3265-47B8-BC48-A553B569DF55}.Debug|ARM.Deploy.0 = Debug|ARM
		{13A45C13-3265-47B8-BC48-A553B569DF55}.Debug|x64.ActiveCfg = Debug|x64
		{13A45C13-3265-47B8-BC48-A553B569DF55}.Debug|x64.Build.0 = Debug|x64
		{13A45C13-3265-47B8-BC48-A553B569DF55}.Debug|x64.Deploy.0 = Debug|x64
		{13A45C13-3265-47B8-BC48-A553B569DF55}.Debug|x86.ActiveCfg = Debug|x86
		{13A45C13-3265-47B8-BC48-A553B569DF55}.Debug|x86.Build.0 = Debug|x86
		{13A45C13-3265-47B8-BC48-A553B569DF55}.Debug|x86.Deploy.0 = Debug|x86
		{13A45C13-3265-47B8-BC48-A553B569DF55}.Master|ARM.ActiveCfg = Master|ARM
		{13A45C13-3265-47B8-BC48-A553B569DF55}.Master|ARM.Build.0 = Master|ARM
		{13A45C13-3265-47B8-BC48-A553B569DF55}.Master|ARM.Deploy.0 = Master|ARM
		{13A45C13-3265-47B8-BC48-A553B569DF55}.Master|x64.ActiveCfg = Master|x64
		{13A45C13-3265-47B8-BC48-A553B569DF55}.Master|x64.Build.0 = Master|x64
		{13A45C13-3265-47B8-BC48-A553B569DF55}.Master|x64.Deploy.0 = Master|x64
		{13A45C13-3265-47B8-BC48-A553B569DF55}.Master|x86.ActiveCfg = Master|x86
		{13A45C13-3265-47B8-BC48-A553B569DF55}.Master|x86.Build.0 = Master|x86
		{13A45C13-3265-47B8-BC48-A553B569DF55}.Master|x86.Deploy.0 = Master|x86
		{13A45C13-3265-47B8-BC48-A553B569DF55}.Release|ARM.ActiveCfg = Release|ARM
		{13A45C13-3265-47B8-BC48-A553B569DF55}.Release|ARM.Build.0 = Release|ARM
		{13A45C13-3265-47B8-BC48-A553B569DF55}.Release|ARM.Deploy.0 = Release|ARM
		{13A45C13-3265-47B8-BC48-A553B569DF55}.Release|x64.ActiveCfg = Release|x64
		{13A45C13-3265-47B8-BC48-A553B569DF55}.Release|x64.Build.0 = Release|x64
		{13A45C13-3265-47B8-BC48-A553B569DF55}.Release|x64.Deploy.0 = Release|x64
		{13A45C13-3265-47B8-BC48-A553B569DF55}.Release|x86.ActiveCfg = Release|x86
		{13A45C13-3265-47B8-BC48-A553B569DF55}.Release|x86.Build.0 = Release|x86
		{13A45C13-3265-47B8-BC48-A553B569DF55}.Release|x86.Deploy.0 = Release|x86
		{374BCE54-7062-4E93-8E97-D879A16741E6}.Debug|ARM.ActiveCfg = Debug|ARM
		{374BCE54-7062-4E93-8E97-D879A16741E6}.Debug|ARM.Build.0 = Debug|ARM
		{374BCE54-7062-4E93-8E97-D879A16741E6}.Debug|x64.ActiveCfg = Debug|x64
		{374BCE54-7062-4E93-8E97-D879A16741E6}.Debug|x64.Build.0 = Debug|x64
		{374BCE54-7062-4E93-8E97-D879A16741E6}.Debug|x86.ActiveCfg = Debug|x86
		{374BCE54-7062-4E93-8E97-D879A16741E6}.Debug|x86.Build.0 = Debug|x86
		{374BCE54-7062-4E93-8E97-D879A16741E6}.Master|ARM.ActiveCfg = Master|ARM
		{374BCE54-7062-4E93-8E97-D879A16741E6}.Master|ARM.Build.0 = Master|ARM
		{374BCE54-7062-4E93-8E97-D879A16741E6}.Master|x64.ActiveCfg = Master|x64
		{374BCE54-7062-4E93-8E97-D879A16741E6}.Master|x64.Build.0 = Master|x64
		{374BCE54-7062-4E93-8E97-D879A16741E6}.Master|x86.ActiveCfg = Master|x86
		{374BCE54-7062-4E93-8E97-D879A16741E6}.Master|x86.Build.0 = Master|x86
		{374BCE54-7062-4E93-8E97-D879A16741E6}.Release|ARM.ActiveCfg = Release|ARM
		{374BCE54-7062-4E93-8E97-D879A16741E6}.Release|ARM.Build.0 = Release|ARM
		{374BCE54-7062-4E93-8E97-D879A16741E6}.Release|x64.ActiveCfg = Release|x64
		{374BCE54-7062-4E93-8E97-D879A16741E6}.Release|x64.Build.0 = Release|x64
		{374BCE54-7062-4E93-8E97-D879A16741E6}.Release|x86.ActiveCfg = Release|x86
		{374BCE54-7062-4E93-8E97-D879A16741E6}.Release|x86.Build.0 = Release|x86
	EndGlobalSection
	GlobalSection(SolutionProperties) = preSolution
		HideSolutionNode = FALSE
	EndGlobalSection
	GlobalSection(ExtensibilityGlobals) = postSolution
		SolutionGuid = {17D72044-758F-4E99-83A1-796BB1E716A9}
	EndGlobalSection
EndGlobal
